PODS:
  - appflowy_backend (0.0.1):
    - FlutterMacOS
  - FlutterMacOS (3.13.2)

DEPENDENCIES:
  - appflowy_backend (from `Flutter/ephemeral/.symlinks/plugins/appflowy_backend/macos`)

SPEC REPOS:
  trunk:
    - FlutterMacOS

EXTERNAL SOURCES:
  appflowy_backend:
    :path: Flutter/ephemeral/.symlinks/plugins/appflowy_backend/macos

SPEC CHECKSUMS:
  appflowy_backend: 239a07e4998743a7baf0281c97b8b22c6a93a3b6
  FlutterMacOS: a6fcf5da0c9ca5aeffa06720aabed937aeb7ba1e

PODFILE CHECKSUM: fab141b444b702c717e48cc756b33ff1cdec28cb

COCOAPODS: 1.14.2
